# THIS IS AN AUTOGENERATED FILE. DO NOT EDIT THIS FILE DIRECTLY.
# yarn lockfile v1


"@types/chrome@^0.0.50":
  version "0.0.50"
  resolved "https://registry.yarnpkg.com/@types/chrome/-/chrome-0.0.50.tgz#864086a08a9e47b4ff51d2910731dba92d5a20dc"
  dependencies:
    "@types/filesystem" "*"

"@types/filesystem@*":
  version "0.0.28"
  resolved "https://registry.yarnpkg.com/@types/filesystem/-/filesystem-0.0.28.tgz#3fd7735830f2c7413cb5ac45780bc45904697b0e"
  dependencies:
    "@types/filewriter" "*"

"@types/filewriter@*":
  version "0.0.28"
  resolved "https://registry.yarnpkg.com/@types/filewriter/-/filewriter-0.0.28.tgz#c054e8af4d9dd75db4e63abc76f885168714d4b3"

typescript@^2.5.3:
  version "2.5.3"
  resolved "https://registry.yarnpkg.com/typescript/-/typescript-2.5.3.tgz#df3dcdc38f3beb800d4bc322646b04a3f6ca7f0d"
